{
  "contracts/lib/forge-std": {
    "rev": "bf647bd6046f2f7da30d0c2bf435e5c76a780c1b"
  },
  "contracts/lib/hookmate": {
    "rev": "ef3e9845e0b2bc9cd5810644d7d337b00c47bc75"
  },
  "contracts/lib/uniswap-hooks": {
    "rev": "acbd604c409a827f7f98c9517236da860c4fca1a"
  },
  "contracts/lib/v4-core": {
    "rev": "e50237c43811bd9b526eff40f26772152a42daba"
  },
  "contracts/lib/v4-periphery": {
    "rev": "3245c3cb99c48fa1dc2459c3b60abc37d4294aba"
  },
  "contracts/lib/openzeppelin-contracts": {
    "tag": {
      "name": "v5.6.1",
      "rev": "5fd1781b1454fd1ef8e722282f86f9293cacf256"
    }
  }
}